
Microsoft Visual Studio Solution File, Format Version 12.00
# Visual Studio 14
VisualStudioVersion = 14.0.25123.0
MinimumVisualStudioVersion = 10.0.40219.1
Project("{2150E333-8FDC-42A3-9474-1A3956D46DE8}") = "Service", "Service", "{F6F90A8E-3E40-43EB-B9C6-AD9ACFBB7563}"
EndProject
Project("{2150E333-8FDC-42A3-9474-1A3956D46DE8}") = "UI", "UI", "{1A1BE75F-6BDA-45A3-B2BE-97ABD474565A}"
EndProject
Project("{2150E333-8FDC-42A3-9474-1A3956D46DE8}") = "Infrastructure", "Infrastructure", "{1049B0B4-4153-4917-8165-1810E87A00BA}"
EndProject
Project("{2150E333-8FDC-42A3-9474-1A3956D46DE8}") = "Repository", "Repository", "{E630622E-65BF-4373-B4E4-58AA2DC25403}"
EndProject
Project("{FAE04EC0-301F-11D3-BF4B-00C04F79EFBC}") = "Common", "Common\Common.csproj", "{26AD298C-5C43-41F1-8FDC-2D0365E0A84A}"
EndProject
Project("{FAE04EC0-301F-11D3-BF4B-00C04F79EFBC}") = "Models", "Models\Models.csproj", "{2D1D90A0-F838-4A17-908E-E1AB0AB7C312}"
EndProject
Project("{FAE04EC0-301F-11D3-BF4B-00C04F79EFBC}") = "DI", "DI\DI.csproj", "{0C61343B-BCCF-4809-A902-2C765A8B0BA4}"
EndProject
Project("{FAE04EC0-301F-11D3-BF4B-00C04F79EFBC}") = "WebOrderUI", "WebOrderUI\WebOrderUI.csproj", "{3B0B077D-34D9-4EEA-A410-4A239490EA65}"
EndProject
Project("{FAE04EC0-301F-11D3-BF4B-00C04F79EFBC}") = "DALMsSql", "DALMsSql\DALMsSql.csproj", "{D8BA4B0C-A7D1-49A1-A5B9-FCF808E60C64}"
EndProject
Project("{FAE04EC0-301F-11D3-BF4B-00C04F79EFBC}") = "DALOrcale", "DALOrcale\DALOrcale.csproj", "{EA666AE6-DE70-4518-A678-7AA0670DF6EA}"
EndProject
Project("{FAE04EC0-301F-11D3-BF4B-00C04F79EFBC}") = "IDAL", "IDAL\IDAL.csproj", "{9ABCFC34-0A5C-4441-AD6E-1D46E0D318FE}"
EndProject
Global
	GlobalSection(SolutionConfigurationPlatforms) = preSolution
		Debug|Any CPU = Debug|Any CPU
		Release|Any CPU = Release|Any CPU
	EndGlobalSection
	GlobalSection(ProjectConfigurationPlatforms) = postSolution
		{26AD298C-5C43-41F1-8FDC-2D0365E0A84A}.Debug|Any CPU.ActiveCfg = Debug|Any CPU
		{26AD298C-5C43-41F1-8FDC-2D0365E0A84A}.Debug|Any CPU.Build.0 = Debug|Any CPU
		{26AD298C-5C43-41F1-8FDC-2D0365E0A84A}.Release|Any CPU.ActiveCfg = Release|Any CPU
		{26AD298C-5C43-41F1-8FDC-2D0365E0A84A}.Release|Any CPU.Build.0 = Release|Any CPU
		{2D1D90A0-F838-4A17-908E-E1AB0AB7C312}.Debug|Any CPU.ActiveCfg = Debug|Any CPU
		{2D1D90A0-F838-4A17-908E-E1AB0AB7C312}.Debug|Any CPU.Build.0 = Debug|Any CPU
		{2D1D90A0-F838-4A17-908E-E1AB0AB7C312}.Release|Any CPU.ActiveCfg = Release|Any CPU
		{2D1D90A0-F838-4A17-908E-E1AB0AB7C312}.Release|Any CPU.Build.0 = Release|Any CPU
		{0C61343B-BCCF-4809-A902-2C765A8B0BA4}.Debug|Any CPU.ActiveCfg = Debug|Any CPU
		{0C61343B-BCCF-4809-A902-2C765A8B0BA4}.Debug|Any CPU.Build.0 = Debug|Any CPU
		{0C61343B-BCCF-4809-A902-2C765A8B0BA4}.Release|Any CPU.ActiveCfg = Release|Any CPU
		{0C61343B-BCCF-4809-A902-2C765A8B0BA4}.Release|Any CPU.Build.0 = Release|Any CPU
		{3B0B077D-34D9-4EEA-A410-4A239490EA65}.Debug|Any CPU.ActiveCfg = Debug|Any CPU
		{3B0B077D-34D9-4EEA-A410-4A239490EA65}.Debug|Any CPU.Build.0 = Debug|Any CPU
		{3B0B077D-34D9-4EEA-A410-4A239490EA65}.Release|Any CPU.ActiveCfg = Release|Any CPU
		{3B0B077D-34D9-4EEA-A410-4A239490EA65}.Release|Any CPU.Build.0 = Release|Any CPU
		{D8BA4B0C-A7D1-49A1-A5B9-FCF808E60C64}.Debug|Any CPU.ActiveCfg = Debug|Any CPU
		{D8BA4B0C-A7D1-49A1-A5B9-FCF808E60C64}.Debug|Any CPU.Build.0 = Debug|Any CPU
		{D8BA4B0C-A7D1-49A1-A5B9-FCF808E60C64}.Release|Any CPU.ActiveCfg = Release|Any CPU
		{D8BA4B0C-A7D1-49A1-A5B9-FCF808E60C64}.Release|Any CPU.Build.0 = Release|Any CPU
		{EA666AE6-DE70-4518-A678-7AA0670DF6EA}.Debug|Any CPU.ActiveCfg = Debug|Any CPU
		{EA666AE6-DE70-4518-A678-7AA0670DF6EA}.Debug|Any CPU.Build.0 = Debug|Any CPU
		{EA666AE6-DE70-4518-A678-7AA0670DF6EA}.Release|Any CPU.ActiveCfg = Release|Any CPU
		{EA666AE6-DE70-4518-A678-7AA0670DF6EA}.Release|Any CPU.Build.0 = Release|Any CPU
		{9ABCFC34-0A5C-4441-AD6E-1D46E0D318FE}.Debug|Any CPU.ActiveCfg = Debug|Any CPU
		{9ABCFC34-0A5C-4441-AD6E-1D46E0D318FE}.Debug|Any CPU.Build.0 = Debug|Any CPU
		{9ABCFC34-0A5C-4441-AD6E-1D46E0D318FE}.Release|Any CPU.ActiveCfg = Release|Any CPU
		{9ABCFC34-0A5C-4441-AD6E-1D46E0D318FE}.Release|Any CPU.Build.0 = Release|Any CPU
	EndGlobalSection
	GlobalSection(SolutionProperties) = preSolution
		HideSolutionNode = FALSE
	EndGlobalSection
	GlobalSection(NestedProjects) = preSolution
		{26AD298C-5C43-41F1-8FDC-2D0365E0A84A} = {1049B0B4-4153-4917-8165-1810E87A00BA}
		{2D1D90A0-F838-4A17-908E-E1AB0AB7C312} = {1049B0B4-4153-4917-8165-1810E87A00BA}
		{0C61343B-BCCF-4809-A902-2C765A8B0BA4} = {1049B0B4-4153-4917-8165-1810E87A00BA}
		{3B0B077D-34D9-4EEA-A410-4A239490EA65} = {1A1BE75F-6BDA-45A3-B2BE-97ABD474565A}
		{D8BA4B0C-A7D1-49A1-A5B9-FCF808E60C64} = {E630622E-65BF-4373-B4E4-58AA2DC25403}
		{EA666AE6-DE70-4518-A678-7AA0670DF6EA} = {E630622E-65BF-4373-B4E4-58AA2DC25403}
		{9ABCFC34-0A5C-4441-AD6E-1D46E0D318FE} = {E630622E-65BF-4373-B4E4-58AA2DC25403}
	EndGlobalSection
EndGlobal
